
Microsoft Visual Studio Solution File, Format Version 12.00
# Visual Studio 15
Project("{F184B08F-C81C-45F6-A57F-5ABD9991F28F}") = "Audit_Tax_Final_", "Audit_Tax_Final_\Audit_Tax_Final_.vbproj", "{843E4E55-516F-4876-9603-EF9932E2D187}"
EndProject
Global
	GlobalSection(SolutionConfigurationPlatforms) = preSolution
		Debug|anycpu = Debug|anycpu
		Release|anycpu = Release|anycpu
	EndGlobalSection
	GlobalSection(ProjectConfigurationPlatforms) = postSolution
		{843E4E55-516F-4876-9603-EF9932E2D187}.Debug|anycpu.ActiveCfg = Debug|anycpu
		{843E4E55-516F-4876-9603-EF9932E2D187}.Debug|anycpu.Build.0 = Debug|anycpu
		{843E4E55-516F-4876-9603-EF9932E2D187}.Release|anycpu.ActiveCfg = Release|anycpu
		{843E4E55-516F-4876-9603-EF9932E2D187}.Release|anycpu.Build.0 = Release|anycpu
	EndGlobalSection
EndGlobal
